// !$*UTF8*$!
{
	archiveVersion = 1;
	classes = {
	};
	objectVersion = 48;
	objects = {

/* Begin PBXAggregateTarget section */
		C09E96902007515F004CDD44 /* ChieryJumpHandle_Universal */ = {
			isa = PBXAggregateTarget;
			buildConfigurationList = C09E96932007515F004CDD44 /* Build configuration list for PBXAggregateTarget "ChieryJumpHandle_Universal" */;
			buildPhases = (
				C09E969420075173004CDD44 /* ShellScript */,
			);
			dependencies = (
			);
			name = ChieryJumpHandle_Universal;
			productName = ChieryJumpHandle_Universal;
		};
/* End PBXAggregateTarget section */

/* Begin PBXBuildFile section */
		29889F7620036C2E004BC221 /* ChieryJumpHandle.m in Sources */ = {isa = PBXBuildFile; fileRef = 29889F7520036C2E004BC221 /* ChieryJumpHandle.m */; };
		29889F7720036C2E004BC221 /* ChieryJumpHandle.h in CopyFiles */ = {isa = PBXBuildFile; fileRef = 29889F7420036C2E004BC221 /* ChieryJumpHandle.h */; };
		C09E969920075B3D004CDD44 /* ChieryJumpHandlePrt.h in CopyFiles */ = {isa = PBXBuildFile; fileRef = 29889F7D20036C87004BC221 /* ChieryJumpHandlePrt.h */; };
		C09E969A20075B3D004CDD44 /* ChieryJumpHandleResponsePrt.h in CopyFiles */ = {isa = PBXBuildFile; fileRef = 29889F7E20036CA8004BC221 /* ChieryJumpHandleResponsePrt.h */; };
/* End PBXBuildFile section */

/* Begin PBXCopyFilesBuildPhase section */
		29889F6F20036C2D004BC221 /* CopyFiles */ = {
			isa = PBXCopyFilesBuildPhase;
			buildActionMask = 2147483647;
			dstPath = "include/$(PRODUCT_NAME)";
			dstSubfolderSpec = 16;
			files = (
				C09E969920075B3D004CDD44 /* ChieryJumpHandlePrt.h in CopyFiles */,
				C09E969A20075B3D004CDD44 /* ChieryJumpHandleResponsePrt.h in CopyFiles */,
				29889F7720036C2E004BC221 /* ChieryJumpHandle.h in CopyFiles */,
			);
			runOnlyForDeploymentPostprocessing = 0;
		};
/* End PBXCopyFilesBuildPhase section */

/* Begin PBXFileReference section */
		29889F7120036C2D004BC221 /* libChieryJumpHandle.a */ = {isa = PBXFileReference; explicitFileType = archive.ar; includeInIndex = 0; path = libChieryJumpHandle.a; sourceTree = BUILT_PRODUCTS_DIR; };
		29889F7420036C2E004BC221 /* ChieryJumpHandle.h */ = {isa = PBXFileReference; lastKnownFileType = sourcecode.c.h; path = ChieryJumpHandle.h; sourceTree = "<group>"; };
		29889F7520036C2E004BC221 /* ChieryJumpHandle.m */ = {isa = PBXFileReference; lastKnownFileType = sourcecode.c.objc; path = ChieryJumpHandle.m; sourceTree = "<group>"; };
		29889F7D20036C87004BC221 /* ChieryJumpHandlePrt.h */ = {isa = PBXFileReference; lastKnownFileType = sourcecode.c.h; path = ChieryJumpHandlePrt.h; sourceTree = "<group>"; };
		29889F7E20036CA8004BC221 /* ChieryJumpHandleResponsePrt.h */ = {isa = PBXFileReference; lastKnownFileType = sourcecode.c.h; path = ChieryJumpHandleResponsePrt.h; sourceTree = "<group>"; };
		29889F7F20036DA4004BC221 /* jumpMap.plist */ = {isa = PBXFileReference; fileEncoding = 4; lastKnownFileType = text.plist.xml; path = jumpMap.plist; sourceTree = "<group>"; };
/* End PBXFileReference section */

/* Begin PBXFrameworksBuildPhase section */
		29889F6E20036C2D004BC221 /* Frameworks */ = {
			isa = PBXFrameworksBuildPhase;
			buildActionMask = 2147483647;
			files = (
			);
			runOnlyForDeploymentPostprocessing = 0;
		};
/* End PBXFrameworksBuildPhase section */

/* Begin PBXGroup section */
		29889F6820036C2D004BC221 = {
			isa = PBXGroup;
			children = (
				29889F7320036C2E004BC221 /* ChieryJumpHandle */,
				29889F7220036C2D004BC221 /* Products */,
			);
			sourceTree = "<group>";
		};
		29889F7220036C2D004BC221 /* Products */ = {
			isa = PBXGroup;
			children = (
				29889F7120036C2D004BC221 /* libChieryJumpHandle.a */,
			);
			name = Products;
			sourceTree = "<group>";
		};
		29889F7320036C2E004BC221 /* ChieryJumpHandle */ = {
			isa = PBXGroup;
			children = (
				29889F7F20036DA4004BC221 /* jumpMap.plist */,
				29889F7420036C2E004BC221 /* ChieryJumpHandle.h */,
				29889F7520036C2E004BC221 /* ChieryJumpHandle.m */,
				29889F7D20036C87004BC221 /* ChieryJumpHandlePrt.h */,
				29889F7E20036CA8004BC221 /* ChieryJumpHandleResponsePrt.h */,
			);
			path = ChieryJumpHandle;
			sourceTree = "<group>";
		};
/* End PBXGroup section */

/* Begin PBXNativeTarget section */
		29889F7020036C2D004BC221 /* ChieryJumpHandle */ = {
			isa = PBXNativeTarget;
			buildConfigurationList = 29889F7A20036C2E004BC221 /* Build configuration list for PBXNativeTarget "ChieryJumpHandle" */;
			buildPhases = (
				29889F6D20036C2D004BC221 /* Sources */,
				29889F6E20036C2D004BC221 /* Frameworks */,
				29889F6F20036C2D004BC221 /* CopyFiles */,
			);
			buildRules = (
			);
			dependencies = (
			);
			name = ChieryJumpHandle;
			productName = ChieryJumpHandle;
			productReference = 29889F7120036C2D004BC221 /* libChieryJumpHandle.a */;
			productType = "com.apple.product-type.library.static";
		};
/* End PBXNativeTarget section */

/* Begin PBXProject section */
		29889F6920036C2D004BC221 /* Project object */ = {
			isa = PBXProject;
			attributes = {
				LastUpgradeCheck = 0920;
				ORGANIZATIONNAME = com.chiery.com;
				TargetAttributes = {
					29889F7020036C2D004BC221 = {
						CreatedOnToolsVersion = 9.2;
						ProvisioningStyle = Automatic;
					};
					C09E96902007515F004CDD44 = {
						CreatedOnToolsVersion = 9.2;
						ProvisioningStyle = Automatic;
					};
				};
			};
			buildConfigurationList = 29889F6C20036C2D004BC221 /* Build configuration list for PBXProject "ChieryJumpHandle" */;
			compatibilityVersion = "Xcode 8.0";
			developmentRegion = en;
			hasScannedForEncodings = 0;
			knownRegions = (
				en,
			);
			mainGroup = 29889F6820036C2D004BC221;
			productRefGroup = 29889F7220036C2D004BC221 /* Products */;
			projectDirPath = "";
			projectRoot = "";
			targets = (
				29889F7020036C2D004BC221 /* ChieryJumpHandle */,
				C09E96902007515F004CDD44 /* ChieryJumpHandle_Universal */,
			);
		};
/* End PBXProject section */

/* Begin PBXShellScriptBuildPhase section */
		C09E969420075173004CDD44 /* ShellScript */ = {
			isa = PBXShellScriptBuildPhase;
			buildActionMask = 2147483647;
			files = (
			);
			inputPaths = (
			);
			outputPaths = (
			);
			runOnlyForDeploymentPostprocessing = 0;
			shellPath = /bin/sh;
			shellScript = "TARGET_NAME=\"ChieryJumpHandle\"\n// Step 1. clean\nrm -rf \"${BUILD_DIR}/${CONFIGURATION}-iphoneos\"\nrm -rf \"${BUILD_DIR}/${CONFIGURATION}-iphonesimulator\"\necho \"!!!Will remove folder ${OBJROOT}\"\nrm -rf \"${OBJROOT}\"\n# Step 2. Build Device and Simulator versions\nxcodebuild -project ChieryJumpHandle.xcodeproj -scheme ${TARGET_NAME} ONLY_ACTIVE_ARCH=NO -configuration ${CONFIGURATION} -sdk iphoneos  BUILD_DIR=\"${BUILD_DIR}\" BUILD_ROOT=\"${BUILD_ROOT}\"\n// Step 3. check\nif [ ! -e \"${BUILD_DIR}/${CONFIGURATION}-iphoneos/lib${TARGET_NAME}.a\" ]\nthen\necho \"Build ${TARGET_NAME} for device arch failed\"\nexit -1\nfi\nxcodebuild -project ChieryJumpHandle.xcodeproj -scheme ${TARGET_NAME} ONLY_ACTIVE_ARCH=NO -configuration ${CONFIGURATION} -sdk iphonesimulator BUILD_DIR=\"${BUILD_DIR}\" BUILD_ROOT=\"${BUILD_ROOT}\" -destination 'platform=iOS Simulator,name=iPhone 6s'\n// check\nif [ ! -e \"${BUILD_DIR}/${CONFIGURATION}-iphonesimulator/lib${TARGET_NAME}.a\" ]\nthen\necho \"Build ${TARGET_NAME} for iphonesimulator arch failed\"\nexit -1\nfi\n# Step 4. define output folder environment variable\nif [ -n \"$StaticLibrary\" ]; then\nUNIVERSAL_OUTPUTFOLDER=$StaticLibrary\nelse\nUNIVERSAL_OUTPUTFOLDER=${BUILD_DIR}/${CONFIGURATION}-universal\n# make sure the output directory exists\nmkdir -p \"${UNIVERSAL_OUTPUTFOLDER}\"\nfi\n\n# Step 5. Create universal binary file using lipo\nlipo -create -output \"${UNIVERSAL_OUTPUTFOLDER}/lib${TARGET_NAME}.a\" \"${BUILD_DIR}/${CONFIGURATION}-iphoneos/lib${TARGET_NAME}.a\" \"${BUILD_DIR}/${CONFIGURATION}-iphonesimulator/lib${TARGET_NAME}.a\"\n\necho \"${BUILD_DIR}/${CONFIGURATION}-iphonesimulator/lib${TARGET_NAME}.a\"";
		};
/* End PBXShellScriptBuildPhase section */

/* Begin PBXSourcesBuildPhase section */
		29889F6D20036C2D004BC221 /* Sources */ = {
			isa = PBXSourcesBuildPhase;
			buildActionMask = 2147483647;
			files = (
				29889F7620036C2E004BC221 /* ChieryJumpHandle.m in Sources */,
			);
			runOnlyForDeploymentPostprocessing = 0;
		};
/* End PBXSourcesBuildPhase section */

/* Begin XCBuildConfiguration section */
		29889F7820036C2E004BC221 /* Debug */ = {
			isa = XCBuildConfiguration;
			buildSettings = {
				ALWAYS_SEARCH_USER_PATHS = NO;
				CLANG_ANALYZER_NONNULL = YES;
				CLANG_ANALYZER_NUMBER_OBJECT_CONVERSION = YES_AGGRESSIVE;
				CLANG_CXX_LANGUAGE_STANDARD = "gnu++14";
				CLANG_CXX_LIBRARY = "libc++";
				CLANG_ENABLE_MODULES = YES;
				CLANG_ENABLE_OBJC_ARC = YES;
				CLANG_WARN_BLOCK_CAPTURE_AUTORELEASING = YES;
				CLANG_WARN_BOOL_CONVERSION = YES;
				CLANG_WARN_COMMA = YES;
				CLANG_WARN_CONSTANT_CONVERSION = YES;
				CLANG_WARN_DIRECT_OBJC_ISA_USAGE = YES_ERROR;
				CLANG_WARN_DOCUMENTATION_COMMENTS = YES;
				CLANG_WARN_EMPTY_BODY = YES;
				CLANG_WARN_ENUM_CONVERSION = YES;
				CLANG_WARN_INFINITE_RECURSION = YES;
				CLANG_WARN_INT_CONVERSION = YES;
				CLANG_WARN_NON_LITERAL_NULL_CONVERSION = YES;
				CLANG_WARN_OBJC_LITERAL_CONVERSION = YES;
				CLANG_WARN_OBJC_ROOT_CLASS = YES_ERROR;
				CLANG_WARN_RANGE_LOOP_ANALYSIS = YES;
				CLANG_WARN_STRICT_PROTOTYPES = YES;
				CLANG_WARN_SUSPICIOUS_MOVE = YES;
				CLANG_WARN_UNGUARDED_AVAILABILITY = YES_AGGRESSIVE;
				CLANG_WARN_UNREACHABLE_CODE = YES;
				CLANG_WARN__DUPLICATE_METHOD_MATCH = YES;
				CODE_SIGN_IDENTITY = "iPhone Developer";
				COPY_PHASE_STRIP = NO;
				DEBUG_INFORMATION_FORMAT = dwarf;
				ENABLE_STRICT_OBJC_MSGSEND = YES;
				ENABLE_TESTABILITY = YES;
				GCC_C_LANGUAGE_STANDARD = gnu11;
				GCC_DYNAMIC_NO_PIC = NO;
				GCC_NO_COMMON_BLOCKS = YES;
				GCC_OPTIMIZATION_LEVEL = 0;
				GCC_PREPROCESSOR_DEFINITIONS = (
					"DEBUG=1",
					"$(inherited)",
				);
				GCC_WARN_64_TO_32_BIT_CONVERSION = YES;
				GCC_WARN_ABOUT_RETURN_TYPE = YES_ERROR;
				GCC_WARN_UNDECLARED_SELECTOR = YES;
				GCC_WARN_UNINITIALIZED_AUTOS = YES_AGGRESSIVE;
				GCC_WARN_UNUSED_FUNCTION = YES;
				GCC_WARN_UNUSED_VARIABLE = YES;
				IPHONEOS_DEPLOYMENT_TARGET = 11.2;
				MTL_ENABLE_DEBUG_INFO = YES;
				ONLY_ACTIVE_ARCH = YES;
				SDKROOT = iphoneos;
			};
			name = Debug;
		};
		29889F7920036C2E004BC221 /* Release */ = {
			isa = XCBuildConfiguration;
			buildSettings = {
				ALWAYS_SEARCH_USER_PATHS = NO;
				CLANG_ANALYZER_NONNULL = YES;
				CLANG_ANALYZER_NUMBER_OBJECT_CONVERSION = YES_AGGRESSIVE;
				CLANG_CXX_LANGUAGE_STANDARD = "gnu++14";
				CLANG_CXX_LIBRARY = "libc++";
				CLANG_ENABLE_MODULES = YES;
				CLANG_ENABLE_OBJC_ARC = YES;
				CLANG_WARN_BLOCK_CAPTURE_AUTORELEASING = YES;
				CLANG_WARN_BOOL_CONVERSION = YES;
				CLANG_WARN_COMMA = YES;
				CLANG_WARN_CONSTANT_CONVERSION = YES;
				CLANG_WARN_DIRECT_OBJC_ISA_USAGE = YES_ERROR;
				CLANG_WARN_DOCUMENTATION_COMMENTS = YES;
				CLANG_WARN_EMPTY_BODY = YES;
				CLANG_WARN_ENUM_CONVERSION = YES;
				CLANG_WARN_INFINITE_RECURSION = YES;
				CLANG_WARN_INT_CONVERSION = YES;
				CLANG_WARN_NON_LITERAL_NULL_CONVERSION = YES;
				CLANG_WARN_OBJC_LITERAL_CONVERSION = YES;
				CLANG_WARN_OBJC_ROOT_CLASS = YES_ERROR;
				CLANG_WARN_RANGE_LOOP_ANALYSIS = YES;
				CLANG_WARN_STRICT_PROTOTYPES = YES;
				CLANG_WARN_SUSPICIOUS_MOVE = YES;
				CLANG_WARN_UNGUARDED_AVAILABILITY = YES_AGGRESSIVE;
				CLANG_WARN_UNREACHABLE_CODE = YES;
				CLANG_WARN__DUPLICATE_METHOD_MATCH = YES;
				CODE_SIGN_IDENTITY = "iPhone Developer";
				COPY_PHASE_STRIP = NO;
				DEBUG_INFORMATION_FORMAT = "dwarf-with-dsym";
				ENABLE_NS_ASSERTIONS = NO;
				ENABLE_STRICT_OBJC_MSGSEND = YES;
				GCC_C_LANGUAGE_STANDARD = gnu11;
				GCC_NO_COMMON_BLOCKS = YES;
				GCC_WARN_64_TO_32_BIT_CONVERSION = YES;
				GCC_WARN_ABOUT_RETURN_TYPE = YES_ERROR;
				GCC_WARN_UNDECLARED_SELECTOR = YES;
				GCC_WARN_UNINITIALIZED_AUTOS = YES_AGGRESSIVE;
				GCC_WARN_UNUSED_FUNCTION = YES;
				GCC_WARN_UNUSED_VARIABLE = YES;
				IPHONEOS_DEPLOYMENT_TARGET = 11.2;
				MTL_ENABLE_DEBUG_INFO = NO;
				SDKROOT = iphoneos;
				VALIDATE_PRODUCT = YES;
			};
			name = Release;
		};
		29889F7B20036C2E004BC221 /* Debug */ = {
			isa = XCBuildConfiguration;
			buildSettings = {
				CODE_SIGN_STYLE = Automatic;
				DEVELOPMENT_TEAM = MN863V35DU;
				OTHER_LDFLAGS = "-ObjC";
				PRODUCT_NAME = "$(TARGET_NAME)";
				SKIP_INSTALL = YES;
				TARGETED_DEVICE_FAMILY = "1,2";
			};
			name = Debug;
		};
		29889F7C20036C2E004BC221 /* Release */ = {
			isa = XCBuildConfiguration;
			buildSettings = {
				CODE_SIGN_STYLE = Automatic;
				DEVELOPMENT_TEAM = MN863V35DU;
				OTHER_LDFLAGS = "-ObjC";
				PRODUCT_NAME = "$(TARGET_NAME)";
				SKIP_INSTALL = YES;
				TARGETED_DEVICE_FAMILY = "1,2";
			};
			name = Release;
		};
		C09E96912007515F004CDD44 /* Debug */ = {
			isa = XCBuildConfiguration;
			buildSettings = {
				CODE_SIGN_STYLE = Automatic;
				PRODUCT_NAME = "$(TARGET_NAME)";
			};
			name = Debug;
		};
		C09E96922007515F004CDD44 /* Release */ = {
			isa = XCBuildConfiguration;
			buildSettings = {
				CODE_SIGN_STYLE = Automatic;
				PRODUCT_NAME = "$(TARGET_NAME)";
			};
			name = Release;
		};
/* End XCBuildConfiguration section */

/* Begin XCConfigurationList section */
		29889F6C20036C2D004BC221 /* Build configuration list for PBXProject "ChieryJumpHandle" */ = {
			isa = XCConfigurationList;
			buildConfigurations = (
				29889F7820036C2E004BC221 /* Debug */,
				29889F7920036C2E004BC221 /* Release */,
			);
			defaultConfigurationIsVisible = 0;
			defaultConfigurationName = Release;
		};
		29889F7A20036C2E004BC221 /* Build configuration list for PBXNativeTarget "ChieryJumpHandle" */ = {
			isa = XCConfigurationList;
			buildConfigurations = (
				29889F7B20036C2E004BC221 /* Debug */,
				29889F7C20036C2E004BC221 /* Release */,
			);
			defaultConfigurationIsVisible = 0;
			defaultConfigurationName = Release;
		};
		C09E96932007515F004CDD44 /* Build configuration list for PBXAggregateTarget "ChieryJumpHandle_Universal" */ = {
			isa = XCConfigurationList;
			buildConfigurations = (
				C09E96912007515F004CDD44 /* Debug */,
				C09E96922007515F004CDD44 /* Release */,
			);
			defaultConfigurationIsVisible = 0;
			defaultConfigurationName = Release;
		};
/* End XCConfigurationList section */
	};
	rootObject = 29889F6920036C2D004BC221 /* Project object */;
}
